// !$*UTF8*$!
{
	archiveVersion = 1;
	classes = {
	};
	objectVersion = 46;
	objects = {

/* Begin PBXBuildFile section */
		386070AF25DBD9660009C491 /* AdLibSDK.m in Sources */ = {isa = PBXBuildFile; fileRef = 3860709C25DBD9660009C491 /* AdLibSDK.m */; };
		386070B025DBD9660009C491 /* RNMopubSdk.m in Sources */ = {isa = PBXBuildFile; fileRef = 3860709F25DBD9660009C491 /* RNMopubSdk.m */; };
		386070B125DBD9660009C491 /* RNMoPubRewardedVideo.m in Sources */ = {isa = PBXBuildFile; fileRef = 386070A025DBD9660009C491 /* RNMoPubRewardedVideo.m */; };
		386070B225DBD9660009C491 /* RNNativeAdView.m in Sources */ = {isa = PBXBuildFile; fileRef = 386070A225DBD9660009C491 /* RNNativeAdView.m */; };
		386070B325DBD9660009C491 /* RNNativeAdViewManager.m in Sources */ = {isa = PBXBuildFile; fileRef = 386070A325DBD9660009C491 /* RNNativeAdViewManager.m */; };
		386070B425DBD9660009C491 /* RNMoPubInterstitial.m in Sources */ = {isa = PBXBuildFile; fileRef = 386070A425DBD9660009C491 /* RNMoPubInterstitial.m */; };
		386070B525DBD9660009C491 /* RNMoPubBanner.m in Sources */ = {isa = PBXBuildFile; fileRef = 386070A525DBD9660009C491 /* RNMoPubBanner.m */; };
		386070B625DBD9660009C491 /* RNMoPubBannerManager.m in Sources */ = {isa = PBXBuildFile; fileRef = 386070AA25DBD9660009C491 /* RNMoPubBannerManager.m */; };
		B3E7B58A1CC2AC0600A0062D /* RNMopubSdk.m in Sources */ = {isa = PBXBuildFile; fileRef = B3E7B5891CC2AC0600A0062D /* RNMopubSdk.m */; };
/* End PBXBuildFile section */

/* Begin PBXCopyFilesBuildPhase section */
		58B511D91A9E6C8500147676 /* CopyFiles */ = {
			isa = PBXCopyFilesBuildPhase;
			buildActionMask = 2147483647;
			dstPath = "include/$(PRODUCT_NAME)";
			dstSubfolderSpec = 16;
			files = (
			);
			runOnlyForDeploymentPostprocessing = 0;
		};
/* End PBXCopyFilesBuildPhase section */

/* Begin PBXFileReference section */
		134814201AA4EA6300B7C361 /* libRNMopubSdk.a */ = {isa = PBXFileReference; explicitFileType = archive.ar; includeInIndex = 0; path = libRNMopubSdk.a; sourceTree = BUILT_PRODUCTS_DIR; };
		3860709A25DBD9660009C491 /* RNNativeAdViewManager.h */ = {isa = PBXFileReference; fileEncoding = 4; lastKnownFileType = sourcecode.c.h; path = RNNativeAdViewManager.h; sourceTree = "<group>"; };
		3860709B25DBD9660009C491 /* RNMoPubBannerManager.h */ = {isa = PBXFileReference; fileEncoding = 4; lastKnownFileType = sourcecode.c.h; path = RNMoPubBannerManager.h; sourceTree = "<group>"; };
		3860709C25DBD9660009C491 /* AdLibSDK.m */ = {isa = PBXFileReference; fileEncoding = 4; lastKnownFileType = sourcecode.c.objc; path = AdLibSDK.m; sourceTree = "<group>"; };
		3860709D25DBD9660009C491 /* AdLibSDK.h */ = {isa = PBXFileReference; fileEncoding = 4; lastKnownFileType = sourcecode.c.h; path = AdLibSDK.h; sourceTree = "<group>"; };
		3860709E25DBD9660009C491 /* RNMoPubInterstitial.h */ = {isa = PBXFileReference; fileEncoding = 4; lastKnownFileType = sourcecode.c.h; path = RNMoPubInterstitial.h; sourceTree = "<group>"; };
		3860709F25DBD9660009C491 /* RNMopubSdk.m */ = {isa = PBXFileReference; fileEncoding = 4; lastKnownFileType = sourcecode.c.objc; path = RNMopubSdk.m; sourceTree = "<group>"; };
		386070A025DBD9660009C491 /* RNMoPubRewardedVideo.m */ = {isa = PBXFileReference; fileEncoding = 4; lastKnownFileType = sourcecode.c.objc; path = RNMoPubRewardedVideo.m; sourceTree = "<group>"; };
		386070A125DBD9660009C491 /* RNMopubSdk.xcworkspace */ = {isa = PBXFileReference; lastKnownFileType = wrapper.workspace; path = RNMopubSdk.xcworkspace; sourceTree = "<group>"; };
		386070A225DBD9660009C491 /* RNNativeAdView.m */ = {isa = PBXFileReference; fileEncoding = 4; lastKnownFileType = sourcecode.c.objc; path = RNNativeAdView.m; sourceTree = "<group>"; };
		386070A325DBD9660009C491 /* RNNativeAdViewManager.m */ = {isa = PBXFileReference; fileEncoding = 4; lastKnownFileType = sourcecode.c.objc; path = RNNativeAdViewManager.m; sourceTree = "<group>"; };
		386070A425DBD9660009C491 /* RNMoPubInterstitial.m */ = {isa = PBXFileReference; fileEncoding = 4; lastKnownFileType = sourcecode.c.objc; path = RNMoPubInterstitial.m; sourceTree = "<group>"; };
		386070A525DBD9660009C491 /* RNMoPubBanner.m */ = {isa = PBXFileReference; fileEncoding = 4; lastKnownFileType = sourcecode.c.objc; path = RNMoPubBanner.m; sourceTree = "<group>"; };
		386070A625DBD9660009C491 /* RNMoPubBanner.h */ = {isa = PBXFileReference; fileEncoding = 4; lastKnownFileType = sourcecode.c.h; path = RNMoPubBanner.h; sourceTree = "<group>"; };
		386070A725DBD9660009C491 /* RNMopubSdk.xcodeproj */ = {isa = PBXFileReference; lastKnownFileType = "wrapper.pb-project"; path = RNMopubSdk.xcodeproj; sourceTree = "<group>"; };
		386070AA25DBD9660009C491 /* RNMoPubBannerManager.m */ = {isa = PBXFileReference; fileEncoding = 4; lastKnownFileType = sourcecode.c.objc; path = RNMoPubBannerManager.m; sourceTree = "<group>"; };
		386070AB25DBD9660009C491 /* RNMopubSdk.h */ = {isa = PBXFileReference; fileEncoding = 4; lastKnownFileType = sourcecode.c.h; path = RNMopubSdk.h; sourceTree = "<group>"; };
		386070AC25DBD9660009C491 /* RNNativeAdView.h */ = {isa = PBXFileReference; fileEncoding = 4; lastKnownFileType = sourcecode.c.h; path = RNNativeAdView.h; sourceTree = "<group>"; };
		386070AD25DBD9660009C491 /* NativeAdListView.xib */ = {isa = PBXFileReference; fileEncoding = 4; lastKnownFileType = file.xib; path = NativeAdListView.xib; sourceTree = "<group>"; };
		386070AE25DBD9660009C491 /* RNMoPubRewardedVideo.h */ = {isa = PBXFileReference; fileEncoding = 4; lastKnownFileType = sourcecode.c.h; path = RNMoPubRewardedVideo.h; sourceTree = "<group>"; };
		B3E7B5881CC2AC0600A0062D /* RNMopubSdk.h */ = {isa = PBXFileReference; fileEncoding = 4; lastKnownFileType = sourcecode.c.h; path = RNMopubSdk.h; sourceTree = "<group>"; };
		B3E7B5891CC2AC0600A0062D /* RNMopubSdk.m */ = {isa = PBXFileReference; fileEncoding = 4; lastKnownFileType = sourcecode.c.objc; path = RNMopubSdk.m; sourceTree = "<group>"; };
/* End PBXFileReference section */

/* Begin PBXFrameworksBuildPhase section */
		58B511D81A9E6C8500147676 /* Frameworks */ = {
			isa = PBXFrameworksBuildPhase;
			buildActionMask = 2147483647;
			files = (
			);
			runOnlyForDeploymentPostprocessing = 0;
		};
/* End PBXFrameworksBuildPhase section */

/* Begin PBXGroup section */
		134814211AA4EA7D00B7C361 /* Products */ = {
			isa = PBXGroup;
			children = (
				134814201AA4EA6300B7C361 /* libRNMopubSdk.a */,
			);
			name = Products;
			sourceTree = "<group>";
		};
		386070A825DBD9660009C491 /* Products */ = {
			isa = PBXGroup;
			name = Products;
			sourceTree = "<group>";
		};
		58B511D21A9E6C8500147676 = {
			isa = PBXGroup;
			children = (
				B3E7B5881CC2AC0600A0062D /* RNMopubSdk.h */,
				386070A425DBD9660009C491 /* RNMoPubInterstitial.m */,
				386070AE25DBD9660009C491 /* RNMoPubRewardedVideo.h */,
				386070A025DBD9660009C491 /* RNMoPubRewardedVideo.m */,
				386070AB25DBD9660009C491 /* RNMopubSdk.h */,
				B3E7B5891CC2AC0600A0062D /* RNMopubSdk.m */,
				3860709D25DBD9660009C491 /* AdLibSDK.h */,
				3860709C25DBD9660009C491 /* AdLibSDK.m */,
				386070AD25DBD9660009C491 /* NativeAdListView.xib */,
				386070A625DBD9660009C491 /* RNMoPubBanner.h */,
				386070A525DBD9660009C491 /* RNMoPubBanner.m */,
				3860709B25DBD9660009C491 /* RNMoPubBannerManager.h */,
				386070AA25DBD9660009C491 /* RNMoPubBannerManager.m */,
				3860709E25DBD9660009C491 /* RNMoPubInterstitial.h */,
				3860709F25DBD9660009C491 /* RNMopubSdk.m */,
				386070A725DBD9660009C491 /* RNMopubSdk.xcodeproj */,
				386070A125DBD9660009C491 /* RNMopubSdk.xcworkspace */,
				386070AC25DBD9660009C491 /* RNNativeAdView.h */,
				386070A225DBD9660009C491 /* RNNativeAdView.m */,
				3860709A25DBD9660009C491 /* RNNativeAdViewManager.h */,
				386070A325DBD9660009C491 /* RNNativeAdViewManager.m */,
				134814211AA4EA7D00B7C361 /* Products */,
			);
			sourceTree = "<group>";
		};
/* End PBXGroup section */

/* Begin PBXNativeTarget section */
		58B511DA1A9E6C8500147676 /* RNMopubSdk */ = {
			isa = PBXNativeTarget;
			buildConfigurationList = 58B511EF1A9E6C8500147676 /* Build configuration list for PBXNativeTarget "RNMopubSdk" */;
			buildPhases = (
				58B511D71A9E6C8500147676 /* Sources */,
				58B511D81A9E6C8500147676 /* Frameworks */,
				58B511D91A9E6C8500147676 /* CopyFiles */,
			);
			buildRules = (
			);
			dependencies = (
			);
			name = RNMopubSdk;
			productName = RCTDataManager;
			productReference = 134814201AA4EA6300B7C361 /* libRNMopubSdk.a */;
			productType = "com.apple.product-type.library.static";
		};
/* End PBXNativeTarget section */

/* Begin PBXProject section */
		58B511D31A9E6C8500147676 /* Project object */ = {
			isa = PBXProject;
			attributes = {
				LastUpgradeCheck = 0920;
				ORGANIZATIONNAME = Facebook;
				TargetAttributes = {
					58B511DA1A9E6C8500147676 = {
						CreatedOnToolsVersion = 6.1.1;
					};
				};
			};
			buildConfigurationList = 58B511D61A9E6C8500147676 /* Build configuration list for PBXProject "RNMopubSdk" */;
			compatibilityVersion = "Xcode 3.2";
			developmentRegion = English;
			hasScannedForEncodings = 0;
			knownRegions = (
				English,
				en,
			);
			mainGroup = 58B511D21A9E6C8500147676;
			productRefGroup = 58B511D21A9E6C8500147676;
			projectDirPath = "";
			projectReferences = (
				{
					ProductGroup = 386070A825DBD9660009C491 /* Products */;
					ProjectRef = 386070A725DBD9660009C491 /* RNMopubSdk.xcodeproj */;
				},
			);
			projectRoot = "";
			targets = (
				58B511DA1A9E6C8500147676 /* RNMopubSdk */,
			);
		};
/* End PBXProject section */

/* Begin PBXSourcesBuildPhase section */
		58B511D71A9E6C8500147676 /* Sources */ = {
			isa = PBXSourcesBuildPhase;
			buildActionMask = 2147483647;
			files = (
				386070B625DBD9660009C491 /* RNMoPubBannerManager.m in Sources */,
				B3E7B58A1CC2AC0600A0062D /* RNMopubSdk.m in Sources */,
				386070B125DBD9660009C491 /* RNMoPubRewardedVideo.m in Sources */,
				386070B325DBD9660009C491 /* RNNativeAdViewManager.m in Sources */,
				386070B525DBD9660009C491 /* RNMoPubBanner.m in Sources */,
				386070B425DBD9660009C491 /* RNMoPubInterstitial.m in Sources */,
				386070AF25DBD9660009C491 /* AdLibSDK.m in Sources */,
				386070B025DBD9660009C491 /* RNMopubSdk.m in Sources */,
				386070B225DBD9660009C491 /* RNNativeAdView.m in Sources */,
			);
			runOnlyForDeploymentPostprocessing = 0;
		};
/* End PBXSourcesBuildPhase section */

/* Begin XCBuildConfiguration section */
		58B511ED1A9E6C8500147676 /* Debug */ = {
			isa = XCBuildConfiguration;
			buildSettings = {
				ALWAYS_SEARCH_USER_PATHS = NO;
				CLANG_CXX_LANGUAGE_STANDARD = "gnu++0x";
				CLANG_CXX_LIBRARY = "libc++";
				CLANG_ENABLE_MODULES = YES;
				CLANG_ENABLE_OBJC_ARC = YES;
				CLANG_WARN_BLOCK_CAPTURE_AUTORELEASING = YES;
				CLANG_WARN_BOOL_CONVERSION = YES;
				CLANG_WARN_COMMA = YES;
				CLANG_WARN_CONSTANT_CONVERSION = YES;
				CLANG_WARN_DIRECT_OBJC_ISA_USAGE = YES_ERROR;
				CLANG_WARN_EMPTY_BODY = YES;
				CLANG_WARN_ENUM_CONVERSION = YES;
				CLANG_WARN_INFINITE_RECURSION = YES;
				CLANG_WARN_INT_CONVERSION = YES;
				CLANG_WARN_NON_LITERAL_NULL_CONVERSION = YES;
				CLANG_WARN_OBJC_LITERAL_CONVERSION = YES;
				CLANG_WARN_OBJC_ROOT_CLASS = YES_ERROR;
				CLANG_WARN_RANGE_LOOP_ANALYSIS = YES;
				CLANG_WARN_STRICT_PROTOTYPES = YES;
				CLANG_WARN_SUSPICIOUS_MOVE = YES;
				CLANG_WARN_UNREACHABLE_CODE = YES;
				CLANG_WARN__DUPLICATE_METHOD_MATCH = YES;
				COPY_PHASE_STRIP = NO;
				ENABLE_STRICT_OBJC_MSGSEND = YES;
				ENABLE_TESTABILITY = YES;
				GCC_C_LANGUAGE_STANDARD = gnu99;
				GCC_DYNAMIC_NO_PIC = NO;
				GCC_NO_COMMON_BLOCKS = YES;
				GCC_OPTIMIZATION_LEVEL = 0;
				GCC_PREPROCESSOR_DEFINITIONS = (
					"DEBUG=1",
					"$(inherited)",
				);
				GCC_SYMBOLS_PRIVATE_EXTERN = NO;
				GCC_WARN_64_TO_32_BIT_CONVERSION = YES;
				GCC_WARN_ABOUT_RETURN_TYPE = YES_ERROR;
				GCC_WARN_UNDECLARED_SELECTOR = YES;
				GCC_WARN_UNINITIALIZED_AUTOS = YES_AGGRESSIVE;
				GCC_WARN_UNUSED_FUNCTION = YES;
				GCC_WARN_UNUSED_VARIABLE = YES;
				IPHONEOS_DEPLOYMENT_TARGET = 8.0;
				MTL_ENABLE_DEBUG_INFO = YES;
				ONLY_ACTIVE_ARCH = YES;
				SDKROOT = iphoneos;
			};
			name = Debug;
		};
		58B511EE1A9E6C8500147676 /* Release */ = {
			isa = XCBuildConfiguration;
			buildSettings = {
				ALWAYS_SEARCH_USER_PATHS = NO;
				CLANG_CXX_LANGUAGE_STANDARD = "gnu++0x";
				CLANG_CXX_LIBRARY = "libc++";
				CLANG_ENABLE_MODULES = YES;
				CLANG_ENABLE_OBJC_ARC = YES;
				CLANG_WARN_BLOCK_CAPTURE_AUTORELEASING = YES;
				CLANG_WARN_BOOL_CONVERSION = YES;
				CLANG_WARN_COMMA = YES;
				CLANG_WARN_CONSTANT_CONVERSION = YES;
				CLANG_WARN_DIRECT_OBJC_ISA_USAGE = YES_ERROR;
				CLANG_WARN_EMPTY_BODY = YES;
				CLANG_WARN_ENUM_CONVERSION = YES;
				CLANG_WARN_INFINITE_RECURSION = YES;
				CLANG_WARN_INT_CONVERSION = YES;
				CLANG_WARN_NON_LITERAL_NULL_CONVERSION = YES;
				CLANG_WARN_OBJC_LITERAL_CONVERSION = YES;
				CLANG_WARN_OBJC_ROOT_CLASS = YES_ERROR;
				CLANG_WARN_RANGE_LOOP_ANALYSIS = YES;
				CLANG_WARN_STRICT_PROTOTYPES = YES;
				CLANG_WARN_SUSPICIOUS_MOVE = YES;
				CLANG_WARN_UNREACHABLE_CODE = YES;
				CLANG_WARN__DUPLICATE_METHOD_MATCH = YES;
				COPY_PHASE_STRIP = YES;
				ENABLE_NS_ASSERTIONS = NO;
				ENABLE_STRICT_OBJC_MSGSEND = YES;
				GCC_C_LANGUAGE_STANDARD = gnu99;
				GCC_NO_COMMON_BLOCKS = YES;
				GCC_WARN_64_TO_32_BIT_CONVERSION = YES;
				GCC_WARN_ABOUT_RETURN_TYPE = YES_ERROR;
				GCC_WARN_UNDECLARED_SELECTOR = YES;
				GCC_WARN_UNINITIALIZED_AUTOS = YES_AGGRESSIVE;
				GCC_WARN_UNUSED_FUNCTION = YES;
				GCC_WARN_UNUSED_VARIABLE = YES;
				IPHONEOS_DEPLOYMENT_TARGET = 8.0;
				MTL_ENABLE_DEBUG_INFO = NO;
				SDKROOT = iphoneos;
				VALIDATE_PRODUCT = YES;
			};
			name = Release;
		};
		58B511F01A9E6C8500147676 /* Debug */ = {
			isa = XCBuildConfiguration;
			buildSettings = {
				HEADER_SEARCH_PATHS = (
					"$(inherited)",
					/Applications/Xcode.app/Contents/Developer/Toolchains/XcodeDefault.xctoolchain/usr/include,
					"$(SRCROOT)/../../../React/**",
					"$(SRCROOT)/../../react-native/React/**",
				);
				LIBRARY_SEARCH_PATHS = "$(inherited)";
				OTHER_LDFLAGS = "-ObjC";
				PRODUCT_NAME = RNMopubSdk;
				SKIP_INSTALL = YES;
			};
			name = Debug;
		};
		58B511F11A9E6C8500147676 /* Release */ = {
			isa = XCBuildConfiguration;
			buildSettings = {
				HEADER_SEARCH_PATHS = (
					"$(inherited)",
					/Applications/Xcode.app/Contents/Developer/Toolchains/XcodeDefault.xctoolchain/usr/include,
					"$(SRCROOT)/../../../React/**",
					"$(SRCROOT)/../../react-native/React/**",
				);
				LIBRARY_SEARCH_PATHS = "$(inherited)";
				OTHER_LDFLAGS = "-ObjC";
				PRODUCT_NAME = RNMopubSdk;
				SKIP_INSTALL = YES;
			};
			name = Release;
		};
/* End XCBuildConfiguration section */

/* Begin XCConfigurationList section */
		58B511D61A9E6C8500147676 /* Build configuration list for PBXProject "RNMopubSdk" */ = {
			isa = XCConfigurationList;
			buildConfigurations = (
				58B511ED1A9E6C8500147676 /* Debug */,
				58B511EE1A9E6C8500147676 /* Release */,
			);
			defaultConfigurationIsVisible = 0;
			defaultConfigurationName = Release;
		};
		58B511EF1A9E6C8500147676 /* Build configuration list for PBXNativeTarget "RNMopubSdk" */ = {
			isa = XCConfigurationList;
			buildConfigurations = (
				58B511F01A9E6C8500147676 /* Debug */,
				58B511F11A9E6C8500147676 /* Release */,
			);
			defaultConfigurationIsVisible = 0;
			defaultConfigurationName = Release;
		};
/* End XCConfigurationList section */
	};
	rootObject = 58B511D31A9E6C8500147676 /* Project object */;
}
